
Microsoft Visual Studio Solution File, Format Version 12.00
# Visual Studio Version 17
VisualStudioVersion = 17.14.36717.8 d17.14
MinimumVisualStudioVersion = 10.0.40219.1
Project("{FAE04EC0-301F-11D3-BF4B-00C04F79EFBC}") = "KindredSacrifice", "KindredSacrifice.csproj", "{A7573179-5594-65B2-EE19-0DE8975EE1E3}"
EndProject
Global
	GlobalSection(SolutionConfigurationPlatforms) = preSolution
		Debug|Any CPU = Debug|Any CPU
		Release|Any CPU = Release|Any CPU
	EndGlobalSection
	GlobalSection(ProjectConfigurationPlatforms) = postSolution
		{A7573179-5594-65B2-EE19-0DE8975EE1E3}.Debug|Any CPU.ActiveCfg = Debug|Any CPU
		{A7573179-5594-65B2-EE19-0DE8975EE1E3}.Debug|Any CPU.Build.0 = Debug|Any CPU
		{A7573179-5594-65B2-EE19-0DE8975EE1E3}.Release|Any CPU.ActiveCfg = Release|Any CPU
		{A7573179-5594-65B2-EE19-0DE8975EE1E3}.Release|Any CPU.Build.0 = Release|Any CPU
	EndGlobalSection
	GlobalSection(SolutionProperties) = preSolution
		HideSolutionNode = FALSE
	EndGlobalSection
	GlobalSection(ExtensibilityGlobals) = postSolution
		SolutionGuid = {E2D7B2EA-C691-4A1D-8BAB-28BBF1190C01}
	EndGlobalSection
EndGlobal
